
Microsoft Visual Studio Solution File, Format Version 12.00
# Visual Studio 15
VisualStudioVersion = 15.0.27428.2037
MinimumVisualStudioVersion = 10.0.40219.1
Project("{FAE04EC0-301F-11D3-BF4B-00C04F79EFBC}") = "ExampleCollaborationProcessProject", "ExampleCollaborationProcessProject\ExampleCollaborationProcessProject.csproj", "{AFFE02A0-3C60-4D19-B60F-E40CA33297F4}"
EndProject
Global
	GlobalSection(SolutionConfigurationPlatforms) = preSolution
		Debug|Any CPU = Debug|Any CPU
		Release|Any CPU = Release|Any CPU
	EndGlobalSection
	GlobalSection(ProjectConfigurationPlatforms) = postSolution
		{AFFE02A0-3C60-4D19-B60F-E40CA33297F4}.Debug|Any CPU.ActiveCfg = Debug|Any CPU
		{AFFE02A0-3C60-4D19-B60F-E40CA33297F4}.Debug|Any CPU.Build.0 = Debug|Any CPU
		{AFFE02A0-3C60-4D19-B60F-E40CA33297F4}.Release|Any CPU.ActiveCfg = Release|Any CPU
		{AFFE02A0-3C60-4D19-B60F-E40CA33297F4}.Release|Any CPU.Build.0 = Release|Any CPU
	EndGlobalSection
	GlobalSection(SolutionProperties) = preSolution
		HideSolutionNode = FALSE
	EndGlobalSection
	GlobalSection(ExtensibilityGlobals) = postSolution
		SolutionGuid = {A92BD6C8-F8A8-4EBE-B183-530AAFE301ED}
	EndGlobalSection
EndGlobal
